
Microsoft Visual Studio Solution File, Format Version 12.00
# Visual Studio 15
VisualStudioVersion = 15.0.28010.2050
MinimumVisualStudioVersion = 10.0.40219.1
Project("{FAE04EC0-301F-11D3-BF4B-00C04F79EFBC}") = "DotNetCore.MVC.ProductXmlReader", "DotNetCore.MVC.ProductXmlReader\DotNetCore.MVC.ProductXmlReader.csproj", "{6EB6B069-BFEC-4754-9D0B-9598492977C5}"
EndProject
Global
	GlobalSection(SolutionConfigurationPlatforms) = preSolution
		Debug|Any CPU = Debug|Any CPU
		Release|Any CPU = Release|Any CPU
	EndGlobalSection
	GlobalSection(ProjectConfigurationPlatforms) = postSolution
		{6EB6B069-BFEC-4754-9D0B-9598492977C5}.Debug|Any CPU.ActiveCfg = Debug|Any CPU
		{6EB6B069-BFEC-4754-9D0B-9598492977C5}.Debug|Any CPU.Build.0 = Debug|Any CPU
		{6EB6B069-BFEC-4754-9D0B-9598492977C5}.Release|Any CPU.ActiveCfg = Release|Any CPU
		{6EB6B069-BFEC-4754-9D0B-9598492977C5}.Release|Any CPU.Build.0 = Release|Any CPU
	EndGlobalSection
	GlobalSection(SolutionProperties) = preSolution
		HideSolutionNode = FALSE
	EndGlobalSection
	GlobalSection(ExtensibilityGlobals) = postSolution
		SolutionGuid = {AC57E1BB-ED95-4209-8267-BD8257518B09}
	EndGlobalSection
EndGlobal
